
Microsoft Visual Studio Solution File, Format Version 12.00
# Visual Studio Version 17
VisualStudioVersion = 17.13.35913.81 d17.13
MinimumVisualStudioVersion = 10.0.40219.1
Project("{FAE04EC0-301F-11D3-BF4B-00C04F79EFBC}") = "ConsoleApp1", "ConsoleApp1.csproj", "{477DC103-9AE5-462E-BF73-109C9C27B1B8}"
EndProject
Global
	GlobalSection(SolutionConfigurationPlatforms) = preSolution
		Debug|Any CPU = Debug|Any CPU
		Release|Any CPU = Release|Any CPU
	EndGlobalSection
	GlobalSection(ProjectConfigurationPlatforms) = postSolution
		{477DC103-9AE5-462E-BF73-109C9C27B1B8}.Debug|Any CPU.ActiveCfg = Debug|Any CPU
		{477DC103-9AE5-462E-BF73-109C9C27B1B8}.Debug|Any CPU.Build.0 = Debug|Any CPU
		{477DC103-9AE5-462E-BF73-109C9C27B1B8}.Release|Any CPU.ActiveCfg = Release|Any CPU
		{477DC103-9AE5-462E-BF73-109C9C27B1B8}.Release|Any CPU.Build.0 = Release|Any CPU
	EndGlobalSection
	GlobalSection(SolutionProperties) = preSolution
		HideSolutionNode = FALSE
	EndGlobalSection
	GlobalSection(ExtensibilityGlobals) = postSolution
		SolutionGuid = {2BE16260-1255-4C70-882A-8CB9EDC44C9E}
	EndGlobalSection
EndGlobal
